# This file is automatically @generated by Cargo.
# It is not intended for manual editing.
version = 4

[[package]]
name = "addr2line"
version = "0.25.1"
source = "registry+https://github.com/rust-lang/crates.io-index"
checksum = "1b5d307320b3181d6d7954e663bd7c774a838b8220fe0593c86d9fb09f498b4b"
dependencies = [
 "gimli 0.32.3",
]

[[package]]
name = "addr2line"
version = "0.26.1"
source = "registry+https://github.com/rust-lang/crates.io-index"
checksum = "59317f77929f0e679d39364702289274de2f0f0b22cbf50b2b8cff2169a0b27a"
dependencies = [
 "gimli 0.33.0",
]

[[package]]
name = "allocator-api2"
version = "0.2.21"
source = "registry+https://github.com/rust-lang/crates.io-index"
checksum = "683d7910e743518b0e34f1186f92494becacb047c7b6bf616c96772180fef923"

[[package]]
name = "anyhow"
version = "1.0.104"
source = "registry+https://github.com/rust-lang/crates.io-index"
checksum = "330a5ed07fa54e4702c9d6c4174f74427fc0ef6e214bbd677ae50a5099946470"

[[package]]
name = "arbitrary"
version = "1.4.2"
source = "registry+https://github.com/rust-lang/crates.io-index"
checksum = "c3d036a3c4ab069c7b410a2ce876bd74808d2d0888a82667669f8e783a898bf1"

[[package]]
name = "async-trait"
version = "0.1.92"
source = "registry+https://github.com/rust-lang/crates.io-index"
checksum = "82f6aeea286b8eb4dd3431a1be1b59d290ace00f5bfd8e2a159bc2a05e2c1667"
dependencies = [
 "proc-macro2",
 "quote",
 "syn 3.0.6",
]

[[package]]
name = "bitflags"
version = "2.13.2"
source = "registry+https://github.com/rust-lang/crates.io-index"
checksum = "3ded4057c258ba199e2d26386d3af3780957ecaee6c4ef4041c6b4b8b97c0b06"

[[package]]
name = "block-buffer"
version = "0.10.4"
source = "registry+https://github.com/rust-lang/crates.io-index"
checksum = "3078c7629b62d3f0439517fa394996acacc5cbc91c5a20d8c658e77abd503a71"
dependencies = [
 "generic-array",
]

[[package]]
name = "bumpalo"
version = "3.20.3"
source = "registry+https://github.com/rust-lang/crates.io-index"
checksum = "72f5acc6cb2ba439de613abc23857ec3d78374d8ed5ac84e9d11336e87da8649"
dependencies = [
 "allocator-api2",
]

[[package]]
name = "cc"
version = "1.6.0"
source = "registry+https://github.com/rust-lang/crates.io-index"
checksum = "f74872d07caf508b30a21f6836e7d7016a2eaf7d9ff4f48deaa58cd8a0407630"
dependencies = [
 "find-msvc-tools",
 "shlex",
]

[[package]]
name = "cfg-if"
version = "1.0.5"
source = "registry+https://github.com/rust-lang/crates.io-index"
checksum = "4e7648175b45a9a48536d676f68d918270699102aa8dab5496df06904c914600"

[[package]]
name = "cobs"
version = "0.3.0"
source = "registry+https://github.com/rust-lang/crates.io-index"
checksum = "0fa961b519f0b462e3a3b4a34b64d119eeaca1d59af726fe450bbba07a9fc0a1"
dependencies = [
 "thiserror",
]

[[package]]
name = "cpp_demangle"
version = "0.5.1"
source = "registry+https://github.com/rust-lang/crates.io-index"
checksum = "0667304c32ea56cb4cd6d2d7c0cfe9a2f8041229db8c033af7f8d69492429def"
dependencies = [
 "cfg-if",
]

[[package]]
name = "cpufeatures"
version = "0.2.17"
source = "registry+https://github.com/rust-lang/crates.io-index"
checksum = "59ed5838eebb26a2bb2e58f6d5b5316989ae9d08bab10e0e6d103e656d1b0280"
dependencies = [
 "libc",
]

[[package]]
name = "cranelift-assembler-x64"
version = "0.123.17"
source = "registry+https://github.com/rust-lang/crates.io-index"
checksum = "63a1c29e9acecf199b3d35d5eb1f485f4884e45f1d942cac80649234f6dad84c"
dependencies = [
 "cranelift-assembler-x64-meta 0.123.17",
]

[[package]]
name = "cranelift-assembler-x64"
version = "0.135.5"
source = "registry+https://github.com/rust-lang/crates.io-index"
checksum = "3bfbb8f30b72ef5cedf2dbd85ee2f167a33c888d492a40e999250187138663c9"
dependencies = [
 "cranelift-assembler-x64-meta 0.135.5",
]

[[package]]
name = "cranelift-assembler-x64-meta"
version = "0.123.17"
source = "registry+https://github.com/rust-lang/crates.io-index"
checksum = "eacdef982b80185c42ca238c54c61aaf69ba9aef98d70d8fd35068f2dd3b5a51"
dependencies = [
 "cranelift-srcgen 0.123.17",
]

[[package]]
name = "cranelift-assembler-x64-meta"
version = "0.135.5"
source = "registry+https://github.com/rust-lang/crates.io-index"
checksum = "5715fdd9d897798ba2bb834df5d6c1129319d51e82ddcf81812c23231e9b852b"
dependencies = [
 "cranelift-srcgen 0.135.5",
]

[[package]]
name = "cranelift-bforest"
version = "0.123.17"
source = "registry+https://github.com/rust-lang/crates.io-index"
checksum = "fc2f135a32d00fd43a02466a4ddc835216186fbf996f4ee5b15499f16f00d0f9"
dependencies = [
 "cranelift-entity 0.123.17",
]

[[package]]
name = "cranelift-bforest"
version = "0.135.5"
source = "registry+https://github.com/rust-lang/crates.io-index"
checksum = "1a266da98b248dd98dfc8a46d45d57810db04a55b81a6d8c7a9c6cf0bd2db7c3"
dependencies = [
 "cranelift-entity 0.135.5",
 "wasmtime-internal-core",
]

[[package]]
name = "cranelift-bitset"
version = "0.123.17"
source = "registry+https://github.com/rust-lang/crates.io-index"
checksum = "f4a598c0713d478a877d1e76b62ab794fad44d2207fe4a86c28e3af985fde202"
dependencies = [
 "serde",
 "serde_derive",
]

[[package]]
name = "cranelift-bitset"
version = "0.135.5"
source = "registry+https://github.com/rust-lang/crates.io-index"
checksum = "c67c1887ed2194ef3ecc283a9add4fe8a79d249a293063046f2adedc31ae7200"
dependencies = [
 "serde",
 "serde_derive",
 "wasmtime-internal-core",
]

[[package]]
name = "cranelift-codegen"
version = "0.123.17"
source = "registry+https://github.com/rust-lang/crates.io-index"
checksum = "4fed4597494992a209a699c80bb7627f99b80bfc9d9ad7a4ab60c7f22dac9fb6"
dependencies = [
 "bumpalo",
 "cranelift-assembler-x64 0.123.17",
 "cranelift-bforest 0.123.17",
 "cranelift-bitset 0.123.17",
 "cranelift-codegen-meta 0.123.17",
 "cranelift-codegen-shared 0.123.17",
 "cranelift-control 0.123.17",
 "cranelift-entity 0.123.17",
 "cranelift-isle 0.123.17",
 "gimli 0.32.3",
 "hashbrown 0.15.5",
 "log",
 "pulley-interpreter 36.0.17",
 "regalloc2 0.12.2",
 "rustc-hash",
 "serde",
 "smallvec",
 "target-lexicon",
 "wasmtime-internal-math",
]

[[package]]
name = "cranelift-codegen"
version = "0.135.5"
source = "registry+https://github.com/rust-lang/crates.io-index"
checksum = "90103abeafa22cc578c577999bdf1b51c32b8a59e15a09789841b4e9a854588d"
dependencies = [
 "bumpalo",
 "cranelift-assembler-x64 0.135.5",
 "cranelift-bforest 0.135.5",
 "cranelift-bitset 0.135.5",
 "cranelift-codegen-meta 0.135.5",
 "cranelift-codegen-shared 0.135.5",
 "cranelift-control 0.135.5",
 "cranelift-entity 0.135.5",
 "cranelift-isle 0.135.5",
 "gimli 0.33.0",
 "hashbrown 0.17.1",
 "libm",
 "log",
 "postcard",
 "pulley-interpreter 48.0.5",
 "regalloc2 0.15.2",
 "rustc-hash",
 "serde",
 "serde_derive",
 "sha2",
 "smallvec",
 "target-lexicon",
 "wasmtime-internal-core",
]

[[package]]
name = "cranelift-codegen-meta"
version = "0.123.17"
source = "registry+https://github.com/rust-lang/crates.io-index"
checksum = "85fad432ca0daf333f78b0947f8ccfcf64ad197acec6eccd5cfacb27e519a2b2"
dependencies = [
 "cranelift-assembler-x64-meta 0.123.17",
 "cranelift-codegen-shared 0.123.17",
 "cranelift-srcgen 0.123.17",
 "heck",
 "pulley-interpreter 36.0.17",
]

[[package]]
name = "cranelift-codegen-meta"
version = "0.135.5"
source = "registry+https://github.com/rust-lang/crates.io-index"
checksum = "d73eaff808bc302e2899e42d822c0e64df23f38facb98ecdf695d1817d2063a3"
dependencies = [
 "cranelift-assembler-x64-meta 0.135.5",
 "cranelift-codegen-shared 0.135.5",
 "cranelift-srcgen 0.135.5",
 "heck",
 "pulley-interpreter 48.0.5",
]

[[package]]
name = "cranelift-codegen-shared"
version = "0.123.17"
source = "registry+https://github.com/rust-lang/crates.io-index"
checksum = "cef0917e59c255d478e6d1a45caef3fc696415ebf89a6178bdab61d486926511"

[[package]]
name = "cranelift-codegen-shared"
version = "0.135.5"
source = "registry+https://github.com/rust-lang/crates.io-index"
checksum = "de19c4fc55ac3cdeb8e153f35ef9f51db197da91a64c9811d0ddd21ed1b9d18d"

[[package]]
name = "cranelift-control"
version = "0.123.17"
source = "registry+https://github.com/rust-lang/crates.io-index"
checksum = "64c52305d3ba73f42d7351c0d550d2c68e07b4642f06d3e58fef28b575d67cc5"
dependencies = [
 "arbitrary",
]

[[package]]
name = "cranelift-control"
version = "0.135.5"
source = "registry+https://github.com/rust-lang/crates.io-index"
checksum = "9bbd919579d74a7212e6e849dc24ff015cb823e70051d01559eea828efaf773f"
dependencies = [
 "arbitrary",
]

[[package]]
name = "cranelift-entity"
version = "0.123.17"
source = "registry+https://github.com/rust-lang/crates.io-index"
checksum = "3899c92d0aca3922df21dea6d4b7e112c900a83b7e78ff56931541c92b640946"
dependencies = [
 "cranelift-bitset 0.123.17",
 "serde",
 "serde_derive",
]

[[package]]
name = "cranelift-entity"
version = "0.135.5"
source = "registry+https://github.com/rust-lang/crates.io-index"
checksum = "af201af93fa8a576ac4b04b901ac3f252545d7b703053c922526fce28f65a7be"
dependencies = [
 "cranelift-bitset 0.135.5",
 "serde",
 "serde_derive",
 "wasmtime-internal-core",
]

[[package]]
name = "cranelift-frontend"
version = "0.123.17"
source = "registry+https://github.com/rust-lang/crates.io-index"
checksum = "d4bda41bb65ba9c05f4782cd9878df5d3bb0901c040716a6f09258acbed375c5"
dependencies = [
 "cranelift-codegen 0.123.17",
 "log",
 "smallvec",
 "target-lexicon",
]

[[package]]
name = "cranelift-frontend"
version = "0.135.5"
source = "registry+https://github.com/rust-lang/crates.io-index"
checksum = "69395ceee43706b93bf869b3a6631ab8d9dcb2bf19f9af4d1d2db0cb9e18af18"
dependencies = [
 "cranelift-codegen 0.135.5",
 "hashbrown 0.17.1",
 "log",
 "smallvec",
 "target-lexicon",
]

[[package]]
name = "cranelift-isle"
version = "0.123.17"
source = "registry+https://github.com/rust-lang/crates.io-index"
checksum = "2319cb332b35da0fd1d39b27e746bd60b5224ecae260e393c9ef168f78d10053"

[[package]]
name = "cranelift-isle"
version = "0.135.5"
source = "registry+https://github.com/rust-lang/crates.io-index"
checksum = "8e8d98a81f71e2ddc61849ca1454ff424fbf42a3ee5529365be8c0859ddf5b9a"

[[package]]
name = "cranelift-native"
version = "0.123.17"
source = "registry+https://github.com/rust-lang/crates.io-index"
checksum = "32569f4b85d0e1ba9e57cd4b7d91a739f6f960b43d041ec9a8aff949edda77bf"
dependencies = [
 "cranelift-codegen 0.123.17",
 "libc",
 "target-lexicon",
]

[[package]]
name = "cranelift-native"
version = "0.135.5"
source = "registry+https://github.com/rust-lang/crates.io-index"
checksum = "273c79e0265b754f67ff76c42d6db4856dabf9101e3bb1b23c83255e2438dd02"
dependencies = [
 "cranelift-codegen 0.135.5",
 "libc",
 "target-lexicon",
]

[[package]]
name = "cranelift-srcgen"
version = "0.123.17"
source = "registry+https://github.com/rust-lang/crates.io-index"
checksum = "e89acb09bcb45f1f6fe69b4c5d5e45d9c5a8944a5882acbf9757b1ec5b6a8f94"

[[package]]
name = "cranelift-srcgen"
version = "0.135.5"
source = "registry+https://github.com/rust-lang/crates.io-index"
checksum = "2b73d7e686f3518831f88ffe88be02c6c92be09930fc5ab90a3dfd9a4de3815e"

[[package]]
name = "crc32fast"
version = "1.5.2"
source = "registry+https://github.com/rust-lang/crates.io-index"
checksum = "01a7799fd6b852db0e61728dde9a204c423b44d689dbd432522543614b490e78"
dependencies = [
 "cfg-if",
]

[[package]]
name = "crypto-common"
version = "0.1.7"
source = "registry+https://github.com/rust-lang/crates.io-index"
checksum = "78c8292055d1c1df0cce5d180393dc8cce0abec0a7102adb6c7b1eef6016d60a"
dependencies = [
 "generic-array",
 "typenum",
]

[[package]]
name = "digest"
version = "0.10.7"
source = "registry+https://github.com/rust-lang/crates.io-index"
checksum = "9ed9a281f7bc9b7576e61468ba615a66a5c8cfdff42420a70aa82701a3b1e292"
dependencies = [
 "block-buffer",
 "crypto-common",
]

[[package]]
name = "edgelink-wasm-spike"
version = "0.0.0"
dependencies = [
 "wasmi",
 "wasmtime 36.0.17",
 "wasmtime 48.0.5",
]

[[package]]
name = "either"
version = "1.18.0"
source = "registry+https://github.com/rust-lang/crates.io-index"
checksum = "252afb9ae5eaa683babdc6a068b3f5726eb19e05070c731f9b2a23a7c3e8ed34"

[[package]]
name = "embedded-io"
version = "0.4.0"
source = "registry+https://github.com/rust-lang/crates.io-index"
checksum = "ef1a6892d9eef45c8fa6b9e0086428a2cca8491aca8f787c534a3d6d0bcb3ced"

[[package]]
name = "embedded-io"
version = "0.6.1"
source = "registry+https://github.com/rust-lang/crates.io-index"
checksum = "edd0f118536f44f5ccd48bcb8b111bdc3de888b58c74639dfb034a357d0f206d"

[[package]]
name = "equivalent"
version = "1.0.2"
source = "registry+https://github.com/rust-lang/crates.io-index"
checksum = "877a4ace8713b0bcf2a4e7eec82529c029f1d0619886d18145fea96c3ffe5c0f"

[[package]]
name = "errno"
version = "0.3.14"
source = "registry+https://github.com/rust-lang/crates.io-index"
checksum = "39cab71617ae0d63f51a36d69f866391735b51691dbda63cf6f96d042b63efeb"
dependencies = [
 "libc",
 "windows-sys 0.61.2",
]

[[package]]
name = "fallible-iterator"
version = "0.3.0"
source = "registry+https://github.com/rust-lang/crates.io-index"
checksum = "2acce4a10f12dc2fb14a218589d4f1f62ef011b2d0cc4b3cb1bba8e94da14649"

[[package]]
name = "find-msvc-tools"
version = "0.1.14"
source = "registry+https://github.com/rust-lang/crates.io-index"
checksum = "aedcfb3409746eddb02b9e19ebda1c3394f759a152e48ee875a0844d1b955484"

[[package]]
name = "fnv"
version = "1.0.7"
source = "registry+https://github.com/rust-lang/crates.io-index"
checksum = "3f9eec918d3f24069decb9af1554cad7c880e2da24a9afd88aca000531ab82c1"

[[package]]
name = "foldhash"
version = "0.1.5"
source = "registry+https://github.com/rust-lang/crates.io-index"
checksum = "d9c4f5dac5e15c24eb999c26181a6ca40b39fe946cbe4c263c7209467bc83af2"

[[package]]
name = "foldhash"
version = "0.2.0"
source = "registry+https://github.com/rust-lang/crates.io-index"
checksum = "77ce24cb58228fbb8aa041425bb1050850ac19177686ea6e0f41a70416f56fdb"

[[package]]
name = "futures"
version = "0.3.34"
source = "registry+https://github.com/rust-lang/crates.io-index"
checksum = "9a31d2a3fbaaeb2af2368bbdd904aa8e812d3c04a1ee10d3171f52d556e5d0a3"
dependencies = [
 "futures-channel",
 "futures-core",
 "futures-io",
 "futures-sink",
 "futures-task",
 "futures-util",
]

[[package]]
name = "futures-channel"
version = "0.3.34"
source = "registry+https://github.com/rust-lang/crates.io-index"
checksum = "b1f9e3d69d39e4862ffed03ed071a76f9a13ba1d9109d355b0f0aa6b15e393c4"
dependencies = [
 "futures-core",
 "futures-sink",
]

[[package]]
name = "futures-core"
version = "0.3.34"
source = "registry+https://github.com/rust-lang/crates.io-index"
checksum = "92d699e522242e69e3003b94ecc1f960f3a5e015aa7c5d7486e65ad01dd94f5e"

[[package]]
name = "futures-io"
version = "0.3.34"
source = "registry+https://github.com/rust-lang/crates.io-index"
checksum = "53c0fa8157de1303bfffdaa1cc2a673bfffb60102f76b0ef4441659124373fed"

[[package]]
name = "futures-sink"
version = "0.3.34"
source = "registry+https://github.com/rust-lang/crates.io-index"
checksum = "1944426bf7d03f1d14f708785e4b33efd750b36d48a157b836b3efc15ede8e1d"

[[package]]
name = "futures-task"
version = "0.3.34"
source = "registry+https://github.com/rust-lang/crates.io-index"
checksum = "cd417de3d1d015fc3bfd2b1ea46dfc7bab72ef86f1cc7cc9c78e728b34a6d1fd"

[[package]]
name = "futures-util"
version = "0.3.34"
source = "registry+https://github.com/rust-lang/crates.io-index"
checksum = "0d50a92467f8ba5dd6e3ee5d4bd04d73ab2e4e1c44474a0674821dfce14b79bc"
dependencies = [
 "futures-channel",
 "futures-core",
 "futures-io",
 "futures-sink",
 "futures-task",
 "memchr",
 "pin-project-lite",
 "slab",
]

[[package]]
name = "generic-array"
version = "0.14.7"
source = "registry+https://github.com/rust-lang/crates.io-index"
checksum = "85649ca51fd72272d7821adaf274ad91c288277713d9c18820d8499a7ff69e9a"
dependencies = [
 "typenum",
 "version_check",
]

[[package]]
name = "gimli"
version = "0.32.3"
source = "registry+https://github.com/rust-lang/crates.io-index"
checksum = "e629b9b98ef3dd8afe6ca2bd0f89306cec16d43d907889945bc5d6687f2f13c7"
dependencies = [
 "fallible-iterator",
 "indexmap",
 "stable_deref_trait",
]

[[package]]
name = "gimli"
version = "0.33.0"
source = "registry+https://github.com/rust-lang/crates.io-index"
checksum = "0bf7f043f89559805f8c7cacc432749b2fa0d0a0a9ee46ce47164ed5ba7f126c"
dependencies = [
 "fnv",
 "hashbrown 0.16.1",
 "indexmap",
 "stable_deref_trait",
]

[[package]]
name = "hashbrown"
version = "0.15.5"
source = "registry+https://github.com/rust-lang/crates.io-index"
checksum = "9229cfe53dfd69f0609a49f65461bd93001ea1ef889cd5529dd176593f5338a1"
dependencies = [
 "foldhash 0.1.5",
 "serde",
]

[[package]]
name = "hashbrown"
version = "0.16.1"
source = "registry+https://github.com/rust-lang/crates.io-index"
checksum = "841d1cc9bed7f9236f321df977030373f4a4163ae1a7dbfe1a51a2c1a51d9100"

[[package]]
name = "hashbrown"
version = "0.17.1"
source = "registry+https://github.com/rust-lang/crates.io-index"
checksum = "ed5909b6e89a2db4456e54cd5f673791d7eca6732202bbf2a9cc504fe2f9b84a"
dependencies = [
 "foldhash 0.2.0",
 "serde",
 "serde_core",
]

[[package]]
name = "heck"
version = "0.5.0"
source = "registry+https://github.com/rust-lang/crates.io-index"
checksum = "2304e00983f87ffb38b55b444b5e3b60a884b5d30c0fca7d82fe33449bbe55ea"

[[package]]
name = "indexmap"
version = "2.14.2"
source = "registry+https://github.com/rust-lang/crates.io-index"
checksum = "cc4e190f5d26ca7051642629da2c52fc03bde85a03197c99408dcd291734c855"
dependencies = [
 "equivalent",
 "hashbrown 0.17.1",
 "serde",
 "serde_core",
]

[[package]]
name = "itertools"
version = "0.14.0"
source = "registry+https://github.com/rust-lang/crates.io-index"
checksum = "2b192c782037fadd9cfa75548310488aabdbf3d2da73885b31bd0abd03351285"
dependencies = [
 "either",
]

[[package]]
name = "leb128fmt"
version = "0.1.0"
source = "registry+https://github.com/rust-lang/crates.io-index"
checksum = "09edd9e8b54e49e587e4f6295a7d29c3ea94d469cb40ab8ca70b288248a81db2"

[[package]]
name = "libc"
version = "0.2.190"
source = "registry+https://github.com/rust-lang/crates.io-index"
checksum = "ce5d3ddc6d3fa000eb1536d85e147bfe31aacaba692ed6a876f95cb7c855be78"

[[package]]
name = "libm"
version = "0.2.16"
source = "registry+https://github.com/rust-lang/crates.io-index"
checksum = "b6d2cec3eae94f9f509c767b45932f1ada8350c4bdb85af2fcab4a3c14807981"

[[package]]
name = "linux-raw-sys"
version = "0.12.1"
source = "registry+https://github.com/rust-lang/crates.io-index"
checksum = "32a66949e030da00e8c7d4434b251670a91556f4144941d37452769c25d58a53"

[[package]]
name = "log"
version = "0.4.34"
source = "registry+https://github.com/rust-lang/crates.io-index"
checksum = "f9f8bd3e56ce4dfc153cf470fffbfa98c7620958b312ca5c3a4b8d5181fd13c6"

[[package]]
name = "mach2"
version = "0.4.3"
source = "registry+https://github.com/rust-lang/crates.io-index"
checksum = "d640282b302c0bb0a2a8e0233ead9035e3bed871f0b7e81fe4a1ec829765db44"
dependencies = [
 "libc",
]

[[package]]
name = "mach2"
version = "0.6.0"
source = "registry+https://github.com/rust-lang/crates.io-index"
checksum = "dae608c151f68243f2b000364e1f7b186d9c29845f7d2d85bd31b9ad77ad552b"

[[package]]
name = "memchr"
version = "2.8.3"
source = "registry+https://github.com/rust-lang/crates.io-index"
checksum = "cf8baf1c55e62ffcace7a9f06f4bd9cd3f0c4beb022d3b367256b91b87513d98"

[[package]]
name = "memfd"
version = "0.6.6"
source = "registry+https://github.com/rust-lang/crates.io-index"
checksum = "57804b2c9b69967f1536a56f86297e367a33b19e98852ed624b84551cdbc0d90"
dependencies = [
 "rustix",
]

[[package]]
name = "object"
version = "0.37.3"
source = "registry+https://github.com/rust-lang/crates.io-index"
checksum = "ff76201f031d8863c38aa7f905eca4f53abbfa15f609db4277d44cd8938f33fe"
dependencies = [
 "crc32fast",
 "hashbrown 0.15.5",
 "indexmap",
 "memchr",
]

[[package]]
name = "object"
version = "0.39.1"
source = "registry+https://github.com/rust-lang/crates.io-index"
checksum = "2e5a6c098c7a3b6547378093f5cc30bc54fd361ce711e05293a5cc589562739b"
dependencies = [
 "crc32fast",
 "hashbrown 0.17.1",
 "indexmap",
 "memchr",
]

[[package]]
name = "once_cell"
version = "1.21.4"
source = "registry+https://github.com/rust-lang/crates.io-index"
checksum = "9f7c3e4beb33f85d45ae3e3a1792185706c8e16d043238c593331cc7cd313b50"

[[package]]
name = "pin-project-lite"
version = "0.2.17"
source = "registry+https://github.com/rust-lang/crates.io-index"
checksum = "a89322df9ebe1c1578d689c92318e070967d1042b512afbe49518723f4e6d5cd"

[[package]]
name = "postcard"
version = "1.1.3"
source = "registry+https://github.com/rust-lang/crates.io-index"
checksum = "6764c3b5dd454e283a30e6dfe78e9b31096d9e32036b5d1eaac7a6119ccb9a24"
dependencies = [
 "cobs",
 "embedded-io 0.4.0",
 "embedded-io 0.6.1",
 "serde",
]

[[package]]
name = "proc-macro2"
version = "1.0.107"
source = "registry+https://github.com/rust-lang/crates.io-index"
checksum = "985e7ec9bb745e6ce6535b544d84d6cd6f7ad8bd711c398938ae983b91a766d9"
dependencies = [
 "unicode-ident",
]

[[package]]
name = "pulley-interpreter"
version = "36.0.17"
source = "registry+https://github.com/rust-lang/crates.io-index"
checksum = "818d286c25f82cd1e459d3c5e4481751e2b1ca54beb8fc021271845744a5828a"
dependencies = [
 "cranelift-bitset 0.123.17",
 "log",
 "pulley-macros 36.0.17",
 "wasmtime-internal-math",
]

[[package]]
name = "pulley-interpreter"
version = "48.0.5"
source = "registry+https://github.com/rust-lang/crates.io-index"
checksum = "dfc9a7073f2530aab972ac0a7ce43624ff59de8ad06b76a4ef4021f7ddd1035a"
dependencies = [
 "cranelift-bitset 0.135.5",
 "log",
 "pulley-macros 48.0.5",
 "wasmtime-internal-core",
]

[[package]]
name = "pulley-macros"
version = "36.0.17"
source = "registry+https://github.com/rust-lang/crates.io-index"
checksum = "4f08af4285be8261f18704e2d6d22df5174d250f4d79a550ad345139f3f5787e"
dependencies = [
 "proc-macro2",
 "quote",
 "syn 2.0.119",
]

[[package]]
name = "pulley-macros"
version = "48.0.5"
source = "registry+https://github.com/rust-lang/crates.io-index"
checksum = "864f92c9538de48325a4f8709ec83e56471446798d48a29073ca094c5447b549"
dependencies = [
 "proc-macro2",
 "quote",
 "syn 2.0.119",
]

[[package]]
name = "quote"
version = "1.0.47"
source = "registry+https://github.com/rust-lang/crates.io-index"
checksum = "1fbf4db142a473a8d80c26bbf18454ed458bf8d26c8219c331daecfdbd079001"
dependencies = [
 "proc-macro2",
]

[[package]]
name = "regalloc2"
version = "0.12.2"
source = "registry+https://github.com/rust-lang/crates.io-index"
checksum = "5216b1837de2149f8bc8e6d5f88a9326b63b8c836ed58ce4a0a29ec736a59734"
dependencies = [
 "allocator-api2",
 "bumpalo",
 "hashbrown 0.15.5",
 "log",
 "rustc-hash",
 "smallvec",
]

[[package]]
name = "regalloc2"
version = "0.15.2"
source = "registry+https://github.com/rust-lang/crates.io-index"
checksum = "757712e8e61590d6d4f5d563483755538b5aa13467837a3b41cd9832509a7f85"
dependencies = [
 "allocator-api2",
 "bumpalo",
 "hashbrown 0.17.1",
 "log",
 "rustc-hash",
 "serde",
 "smallvec",
]

[[package]]
name = "rustc-demangle"
version = "0.1.28"
source = "registry+https://github.com/rust-lang/crates.io-index"
checksum = "b74b56ffa8bb2830709a538c2cbcae9aa062db0d2a42563bfb09bdaae44020eb"

[[package]]
name = "rustc-hash"
version = "2.1.3"
source = "registry+https://github.com/rust-lang/crates.io-index"
checksum = "6b1e7f9a428571be2dc5bc0505c13fb6bf936822b894ec87abf8a08a4e51742d"

[[package]]
name = "rustix"
version = "1.1.5"
source = "registry+https://github.com/rust-lang/crates.io-index"
checksum = "891efababe418670775f199f0d233d84843c227a0949a883ce15b37c78d6629d"
dependencies = [
 "bitflags",
 "errno",
 "libc",
 "linux-raw-sys",
 "windows-sys 0.61.2",
]

[[package]]
name = "semver"
version = "1.0.28"
source = "registry+https://github.com/rust-lang/crates.io-index"
checksum = "8a7852d02fc848982e0c167ef163aaff9cd91dc640ba85e263cb1ce46fae51cd"
dependencies = [
 "serde",
 "serde_core",
]

[[package]]
name = "serde"
version = "1.0.229"
source = "registry+https://github.com/rust-lang/crates.io-index"
checksum = "4148590afebada386688f18773da617792bf2ef03ffc1e4cbd2b1d45b023e0ba"
dependencies = [
 "serde_core",
 "serde_derive",
]

[[package]]
name = "serde_core"
version = "1.0.229"
source = "registry+https://github.com/rust-lang/crates.io-index"
checksum = "67dca2c9c51e58a4791a4b1ed58308b39c64224d349a935ab5039aa360942a48"
dependencies = [
 "serde_derive",
]

[[package]]
name = "serde_derive"
version = "1.0.229"
source = "registry+https://github.com/rust-lang/crates.io-index"
checksum = "e7a5d71263a5a7d47b41f6b3f06ba276f10cc18b0931f1799f710578e2309348"
dependencies = [
 "proc-macro2",
 "quote",
 "syn 3.0.6",
]

[[package]]
name = "sha2"
version = "0.10.9"
source = "registry+https://github.com/rust-lang/crates.io-index"
checksum = "a7507d819769d01a365ab707794a4084392c824f54a7a6a7862f8c3d0892b283"
dependencies = [
 "cfg-if",
 "cpufeatures",
 "digest",
]

[[package]]
name = "shlex"
version = "2.0.1"
source = "registry+https://github.com/rust-lang/crates.io-index"
checksum = "f8fadd59c855ef2080decdef8ff161eb6661b86933c9d82e5ba29dc602a55aba"

[[package]]
name = "slab"
version = "0.4.12"
source = "registry+https://github.com/rust-lang/crates.io-index"
checksum = "0c790de23124f9ab44544d7ac05d60440adc586479ce501c1d6d7da3cd8c9cf5"

[[package]]
name = "smallvec"
version = "1.16.2"
source = "registry+https://github.com/rust-lang/crates.io-index"
checksum = "f9395f0f0eee849a9b707b2f06bb92a6a422090e2123bb2ef8e87a0e61892a8e"
dependencies = [
 "serde",
]

[[package]]
name = "spin"
version = "0.9.9"
source = "registry+https://github.com/rust-lang/crates.io-index"
checksum = "3763264f6b73151db08c50ff20d7d8a0b8796e021cdea7ceedad07b80155fa0e"

[[package]]
name = "stable_deref_trait"
version = "1.2.1"
source = "registry+https://github.com/rust-lang/crates.io-index"
checksum = "6ce2be8dc25455e1f91df71bfa12ad37d7af1092ae736f3a6cd0e37bc7810596"

[[package]]
name = "string-interner"
version = "0.19.0"
source = "registry+https://github.com/rust-lang/crates.io-index"
checksum = "23de088478b31c349c9ba67816fa55d9355232d63c3afea8bf513e31f0f1d2c0"
dependencies = [
 "hashbrown 0.15.5",
 "serde",
]

[[package]]
name = "syn"
version = "2.0.119"
source = "registry+https://github.com/rust-lang/crates.io-index"
checksum = "872831b642d1a07999a962a351ed35b955ea2cfc8f3862091e2a240a84f17297"
dependencies = [
 "proc-macro2",
 "quote",
 "unicode-ident",
]

[[package]]
name = "syn"
version = "3.0.6"
source = "registry+https://github.com/rust-lang/crates.io-index"
checksum = "8593e8e72159ed2257d083c7a454a85cbf854f37a0966d8d483aff8c8a3ebcee"
dependencies = [
 "proc-macro2",
 "quote",
 "unicode-ident",
]

[[package]]
name = "target-lexicon"
version = "0.13.5"
source = "registry+https://github.com/rust-lang/crates.io-index"
checksum = "adb6935a6f5c20170eeceb1a3835a49e12e19d792f6dd344ccc76a985ca5a6ca"

[[package]]
name = "termcolor"
version = "1.4.1"
source = "registry+https://github.com/rust-lang/crates.io-index"
checksum = "06794f8f6c5c898b3275aebefa6b8a1cb24cd2c6c79397ab15774837a0bc5755"
dependencies = [
 "winapi-util",
]

[[package]]
name = "thiserror"
version = "2.0.21"
source = "registry+https://github.com/rust-lang/crates.io-index"
checksum = "09e52cb86a36cede5cb101bf8908837b3e4c6e5e59fe7fd85c23fb56200d189e"
dependencies = [
 "thiserror-impl",
]

[[package]]
name = "thiserror-impl"
version = "2.0.21"
source = "registry+https://github.com/rust-lang/crates.io-index"
checksum = "fe5197923287db20a58125f0bc85c062f7f2c892de97b18c356f9efb14b28524"
dependencies = [
 "proc-macro2",
 "quote",
 "syn 3.0.6",
]

[[package]]
name = "typenum"
version = "1.20.1"
source = "registry+https://github.com/rust-lang/crates.io-index"
checksum = "b6f5e870be6c3b371b77fe0ee0bafb859fa4964b4404c27de1d380043c4dda20"

[[package]]
name = "unicode-ident"
version = "1.0.26"
source = "registry+https://github.com/rust-lang/crates.io-index"
checksum = "d245f478577f809a851594d02313b640fb437e0bb33866753cff937863096954"

[[package]]
name = "version_check"
version = "0.9.5"
source = "registry+https://github.com/rust-lang/crates.io-index"
checksum = "0b928f33d975fc6ad9f86c8f283853ad26bdd5b10b7f1542aa2fa15e2289105a"

[[package]]
name = "wasm-encoder"
version = "0.236.1"
source = "registry+https://github.com/rust-lang/crates.io-index"
checksum = "724fccfd4f3c24b7e589d333fc0429c68042897a7e8a5f8694f31792471841e7"
dependencies = [
 "leb128fmt",
 "wasmparser 0.236.1",
]

[[package]]
name = "wasm-encoder"
version = "0.254.2"
source = "registry+https://github.com/rust-lang/crates.io-index"
checksum = "ebaca0b540bdb15d195ff34fb23074255948708b8916a11a339ba4513dc61906"
dependencies = [
 "leb128fmt",
 "wasmparser 0.254.2",
]

[[package]]
name = "wasmi"
version = "2.0.0"
source = "registry+https://github.com/rust-lang/crates.io-index"
checksum = "78693fcdd618e0fc34af59c6b8efa9ac5d58c68df940beff4bedddb6acfe7c27"
dependencies = [
 "spin",
 "wasmi_collections",
 "wasmi_core",
 "wasmi_ir",
 "wasmparser 0.228.0",
]

[[package]]
name = "wasmi_collections"
version = "2.0.0"
source = "registry+https://github.com/rust-lang/crates.io-index"
checksum = "8a8be2aa467cf2d29e96ff759472c36eeb44a3c81c67fc9cb76c9a24c519c557"
dependencies = [
 "string-interner",
]

[[package]]
name = "wasmi_core"
version = "2.0.0"
source = "registry+https://github.com/rust-lang/crates.io-index"
checksum = "69372d5fda3ea3d1e0aa6603c7888110e0187e88ea17cd8fc2e2df0a0e1f37fa"
dependencies = [
 "libm",
]

[[package]]
name = "wasmi_ir"
version = "2.0.0"
source = "registry+https://github.com/rust-lang/crates.io-index"
checksum = "8f17b774caa13c618c7244f1ee51fe23c5e7b8538a471fa46d9949779758aed6"
dependencies = [
 "wasmi_core",
]

[[package]]
name = "wasmparser"
version = "0.228.0"
source = "registry+https://github.com/rust-lang/crates.io-index"
checksum = "4abf1132c1fdf747d56bbc1bb52152400c70f336870f968b85e89ea422198ae3"
dependencies = [
 "bitflags",
 "indexmap",
]

[[package]]
name = "wasmparser"
version = "0.236.1"
source = "registry+https://github.com/rust-lang/crates.io-index"
checksum = "a9b1e81f3eb254cf7404a82cee6926a4a3ccc5aad80cc3d43608a070c67aa1d7"
dependencies = [
 "bitflags",
 "hashbrown 0.15.5",
 "indexmap",
 "semver",
 "serde",
]

[[package]]
name = "wasmparser"
version = "0.254.2"
source = "registry+https://github.com/rust-lang/crates.io-index"
checksum = "c5ff8685b587722894b6f25958fc608d315b93b8d23647bfb567664e7006d757"
dependencies = [
 "bitflags",
 "hashbrown 0.17.1",
 "indexmap",
 "semver",
 "serde",
]

[[package]]
name = "wasmprinter"
version = "0.236.1"
source = "registry+https://github.com/rust-lang/crates.io-index"
checksum = "2df225df06a6df15b46e3f73ca066ff92c2e023670969f7d50ce7d5e695abbb1"
dependencies = [
 "anyhow",
 "termcolor",
 "wasmparser 0.236.1",
]

[[package]]
name = "wasmprinter"
version = "0.254.2"
source = "registry+https://github.com/rust-lang/crates.io-index"
checksum = "8b03c8f270f3f384f70f42869b5ff7f6253fe4f0aa8590f7edd332c1943e5f51"
dependencies = [
 "anyhow",
 "termcolor",
 "wasmparser 0.254.2",
]

[[package]]
name = "wasmtime"
version = "36.0.17"
source = "registry+https://github.com/rust-lang/crates.io-index"
checksum = "0707f327a5821aa76c254fa661bd582d6e209c3176b6cca1d87484b2338d2dbb"
dependencies = [
 "addr2line 0.25.1",
 "anyhow",
 "bitflags",
 "bumpalo",
 "cc",
 "cfg-if",
 "hashbrown 0.15.5",
 "indexmap",
 "libc",
 "log",
 "mach2 0.4.3",
 "memfd",
 "object 0.37.3",
 "once_cell",
 "postcard",
 "pulley-interpreter 36.0.17",
 "rustix",
 "serde",
 "serde_derive",
 "smallvec",
 "target-lexicon",
 "wasmparser 0.236.1",
 "wasmtime-environ 36.0.17",
 "wasmtime-internal-asm-macros",
 "wasmtime-internal-cranelift 36.0.17",
 "wasmtime-internal-fiber 36.0.17",
 "wasmtime-internal-jit-debug 36.0.17",
 "wasmtime-internal-jit-icache-coherence 36.0.17",
 "wasmtime-internal-math",
 "wasmtime-internal-slab",
 "wasmtime-internal-unwinder 36.0.17",
 "wasmtime-internal-versioned-export-macros 36.0.17",
 "windows-sys 0.60.2",
]

[[package]]
name = "wasmtime"
version = "48.0.5"
source = "registry+https://github.com/rust-lang/crates.io-index"
checksum = "b94eda6b1c1d8ade526a67e4ce50cc6234d1c7af68e5d7bf13f40bc07e70daba"
dependencies = [
 "addr2line 0.26.1",
 "async-trait",
 "bitflags",
 "bumpalo",
 "cc",
 "futures",
 "libc",
 "log",
 "mach2 0.6.0",
 "memfd",
 "object 0.39.1",
 "once_cell",
 "postcard",
 "pulley-interpreter 48.0.5",
 "rustix",
 "serde",
 "serde_derive",
 "smallvec",
 "target-lexicon",
 "wasmparser 0.254.2",
 "wasmtime-environ 48.0.5",
 "wasmtime-internal-core",
 "wasmtime-internal-cranelift 48.0.5",
 "wasmtime-internal-fiber 48.0.5",
 "wasmtime-internal-jit-debug 48.0.5",
 "wasmtime-internal-jit-icache-coherence 48.0.5",
 "wasmtime-internal-unwinder 48.0.5",
 "wasmtime-internal-versioned-export-macros 48.0.5",
 "windows-sys 0.61.2",
]

[[package]]
name = "wasmtime-environ"
version = "36.0.17"
source = "registry+https://github.com/rust-lang/crates.io-index"
checksum = "507ec711cc5dfd8abe701e24e83b47f9d3f750de8e1f0b1e756ee7d92bf7f5b3"
dependencies = [
 "anyhow",
 "cranelift-bitset 0.123.17",
 "cranelift-entity 0.123.17",
 "gimli 0.32.3",
 "indexmap",
 "log",
 "object 0.37.3",
 "postcard",
 "serde",
 "serde_derive",
 "smallvec",
 "target-lexicon",
 "wasm-encoder 0.236.1",
 "wasmparser 0.236.1",
 "wasmprinter 0.236.1",
]

[[package]]
name = "wasmtime-environ"
version = "48.0.5"
source = "registry+https://github.com/rust-lang/crates.io-index"
checksum = "84ca4865ece3a37abb34c2df96c741ff4aed308d35744d84095cff79848752d4"
dependencies = [
 "anyhow",
 "cpp_demangle",
 "cranelift-bforest 0.135.5",
 "cranelift-bitset 0.135.5",
 "cranelift-entity 0.135.5",
 "gimli 0.33.0",
 "hashbrown 0.17.1",
 "indexmap",
 "log",
 "object 0.39.1",
 "postcard",
 "rustc-demangle",
 "semver",
 "serde",
 "serde_derive",
 "sha2",
 "smallvec",
 "target-lexicon",
 "wasm-encoder 0.254.2",
 "wasmparser 0.254.2",
 "wasmprinter 0.254.2",
 "wasmtime-internal-component-util",
 "wasmtime-internal-core",
]

[[package]]
name = "wasmtime-internal-asm-macros"
version = "36.0.17"
source = "registry+https://github.com/rust-lang/crates.io-index"
checksum = "dbece40076808c22c752c2d84a662bafc95b533ca221f9843f286aa8fa610ffa"
dependencies = [
 "cfg-if",
]

[[package]]
name = "wasmtime-internal-component-util"
version = "48.0.5"
source = "registry+https://github.com/rust-lang/crates.io-index"
checksum = "e8f014d9ad6f6acbc449e9d7c4e7b7757b4b6b1a84a3662f66ea6da2ebed788c"

[[package]]
name = "wasmtime-internal-core"
version = "48.0.5"
source = "registry+https://github.com/rust-lang/crates.io-index"
checksum = "ecc0a0310fc4a3f545427c7880362657f72f838ffcfe4d3b8c864021df3b3488"
dependencies = [
 "hashbrown 0.17.1",
 "libm",
 "serde",
]

[[package]]
name = "wasmtime-internal-cranelift"
version = "36.0.17"
source = "registry+https://github.com/rust-lang/crates.io-index"
checksum = "a04aa5a123ad96e88ac5522afa3b27012338755f1d589f628e2d7a509181a9b2"
dependencies = [
 "anyhow",
 "cfg-if",
 "cranelift-codegen 0.123.17",
 "cranelift-control 0.123.17",
 "cranelift-entity 0.123.17",
 "cranelift-frontend 0.123.17",
 "cranelift-native 0.123.17",
 "gimli 0.32.3",
 "itertools",
 "log",
 "object 0.37.3",
 "pulley-interpreter 36.0.17",
 "smallvec",
 "target-lexicon",
 "thiserror",
 "wasmparser 0.236.1",
 "wasmtime-environ 36.0.17",
 "wasmtime-internal-math",
 "wasmtime-internal-versioned-export-macros 36.0.17",
]

[[package]]
name = "wasmtime-internal-cranelift"
version = "48.0.5"
source = "registry+https://github.com/rust-lang/crates.io-index"
checksum = "cb6c8d2b6f8ed3a784fcd127a1936589db8051febbd228230660175e41b5751d"
dependencies = [
 "cranelift-codegen 0.135.5",
 "cranelift-control 0.135.5",
 "cranelift-entity 0.135.5",
 "cranelift-frontend 0.135.5",
 "cranelift-native 0.135.5",
 "gimli 0.33.0",
 "itertools",
 "log",
 "object 0.39.1",
 "pulley-interpreter 48.0.5",
 "smallvec",
 "target-lexicon",
 "thiserror",
 "wasmparser 0.254.2",
 "wasmtime-environ 48.0.5",
 "wasmtime-internal-core",
 "wasmtime-internal-unwinder 48.0.5",
 "wasmtime-internal-versioned-export-macros 48.0.5",
]

[[package]]
name = "wasmtime-internal-fiber"
version = "36.0.17"
source = "registry+https://github.com/rust-lang/crates.io-index"
checksum = "821e764d43c160cf0989c55d63245856164bac8a09d345d2a0e9402fba68a3e5"
dependencies = [
 "anyhow",
 "cc",
 "cfg-if",
 "libc",
 "rustix",
 "wasmtime-internal-asm-macros",
 "wasmtime-internal-versioned-export-macros 36.0.17",
 "windows-sys 0.60.2",
]

[[package]]
name = "wasmtime-internal-fiber"
version = "48.0.5"
source = "registry+https://github.com/rust-lang/crates.io-index"
checksum = "92b558b5892ca405508103641fa3a3ec2e986b1cc679a083ed47e6bcb08ecf31"
dependencies = [
 "cc",
 "libc",
 "rustix",
 "wasmtime-environ 48.0.5",
 "wasmtime-internal-versioned-export-macros 48.0.5",
 "windows-sys 0.61.2",
]

[[package]]
name = "wasmtime-internal-jit-debug"
version = "36.0.17"
source = "registry+https://github.com/rust-lang/crates.io-index"
checksum = "b254d438db151a17ead4af0bfce573d7e5d914e6a09a9aad5656118069962f1e"
dependencies = [
 "cc",
 "wasmtime-internal-versioned-export-macros 36.0.17",
]

[[package]]
name = "wasmtime-internal-jit-debug"
version = "48.0.5"
source = "registry+https://github.com/rust-lang/crates.io-index"
checksum = "c0669ce70a8a8c92eb8ad148c1d7b9b771aab37787e9462efd75b2e2b4575406"
dependencies = [
 "cc",
 "wasmtime-internal-versioned-export-macros 48.0.5",
]

[[package]]
name = "wasmtime-internal-jit-icache-coherence"
version = "36.0.17"
source = "registry+https://github.com/rust-lang/crates.io-index"
checksum = "4dfd0235391231863be126ac8c5ba090f40edd0a180b1efdf2726db779b73b47"
dependencies = [
 "anyhow",
 "cfg-if",
 "libc",
 "windows-sys 0.60.2",
]

[[package]]
name = "wasmtime-internal-jit-icache-coherence"
version = "48.0.5"
source = "registry+https://github.com/rust-lang/crates.io-index"
checksum = "6aa66405e95fc7b82adb195c14fa8b38f45046c3ad99a273b06262b8eb755e76"
dependencies = [
 "libc",
 "wasmtime-internal-core",
 "windows-sys 0.61.2",
]

[[package]]
name = "wasmtime-internal-math"
version = "36.0.17"
source = "registry+https://github.com/rust-lang/crates.io-index"
checksum = "de8ec43fe6dc7791284839da3f90d60dd786b15accd4c81ca266c6b47eb9889b"
dependencies = [
 "libm",
]

[[package]]
name = "wasmtime-internal-slab"
version = "36.0.17"
source = "registry+https://github.com/rust-lang/crates.io-index"
checksum = "37364facf71c53d353d56dea526c673944fb717b3855f78e4719300c236fc9ba"

[[package]]
name = "wasmtime-internal-unwinder"
version = "36.0.17"
source = "registry+https://github.com/rust-lang/crates.io-index"
checksum = "73f2bd3b57e612324beb282419fb7acc6eecab344aacb3008df02d5b95563e70"
dependencies = [
 "anyhow",
 "cfg-if",
 "cranelift-codegen 0.123.17",
 "log",
 "object 0.37.3",
]

[[package]]
name = "wasmtime-internal-unwinder"
version = "48.0.5"
source = "registry+https://github.com/rust-lang/crates.io-index"
checksum = "70555458e519d6fb8790e042b4274132ab58171ae0f2a6917c3dc29ded0184d0"
dependencies = [
 "cranelift-codegen 0.135.5",
 "log",
 "object 0.39.1",
 "wasmtime-environ 48.0.5",
]

[[package]]
name = "wasmtime-internal-versioned-export-macros"
version = "36.0.17"
source = "registry+https://github.com/rust-lang/crates.io-index"
checksum = "a02767c4f7542de2d03c22ffcd7b3c31f3ae9008eee00e3e360716a2b0e7d4db"
dependencies = [
 "proc-macro2",
 "quote",
 "syn 2.0.119",
]

[[package]]
name = "wasmtime-internal-versioned-export-macros"
version = "48.0.5"
source = "registry+https://github.com/rust-lang/crates.io-index"
checksum = "fca407e3e2809c0e6568be132065095a16f184c30c6bee4157dfdc497aee10a1"
dependencies = [
 "proc-macro2",
 "quote",
 "syn 2.0.119",
]

[[package]]
name = "winapi-util"
version = "0.1.11"
source = "registry+https://github.com/rust-lang/crates.io-index"
checksum = "c2a7b1c03c876122aa43f3020e6c3c3ee5c05081c9a00739faf7503aeba10d22"
dependencies = [
 "windows-sys 0.61.2",
]

[[package]]
name = "windows-link"
version = "0.2.1"
source = "registry+https://github.com/rust-lang/crates.io-index"
checksum = "f0805222e57f7521d6a62e36fa9163bc891acd422f971defe97d64e70d0a4fe5"

[[package]]
name = "windows-sys"
version = "0.60.2"
source = "registry+https://github.com/rust-lang/crates.io-index"
checksum = "f2f500e4d28234f72040990ec9d39e3a6b950f9f22d3dba18416c35882612bcb"
dependencies = [
 "windows-targets",
]

[[package]]
name = "windows-sys"
version = "0.61.2"
source = "registry+https://github.com/rust-lang/crates.io-index"
checksum = "ae137229bcbd6cdf0f7b80a31df61766145077ddf49416a728b02cb3921ff3fc"
dependencies = [
 "windows-link",
]

[[package]]
name = "windows-targets"
version = "0.53.5"
source = "registry+https://github.com/rust-lang/crates.io-index"
checksum = "4945f9f551b88e0d65f3db0bc25c33b8acea4d9e41163edf90dcd0b19f9069f3"
dependencies = [
 "windows-link",
 "windows_aarch64_gnullvm",
 "windows_aarch64_msvc",
 "windows_i686_gnu",
 "windows_i686_gnullvm",
 "windows_i686_msvc",
 "windows_x86_64_gnu",
 "windows_x86_64_gnullvm",
 "windows_x86_64_msvc",
]

[[package]]
name = "windows_aarch64_gnullvm"
version = "0.53.1"
source = "registry+https://github.com/rust-lang/crates.io-index"
checksum = "a9d8416fa8b42f5c947f8482c43e7d89e73a173cead56d044f6a56104a6d1b53"

[[package]]
name = "windows_aarch64_msvc"
version = "0.53.1"
source = "registry+https://github.com/rust-lang/crates.io-index"
checksum = "b9d782e804c2f632e395708e99a94275910eb9100b2114651e04744e9b125006"

[[package]]
name = "windows_i686_gnu"
version = "0.53.1"
source = "registry+https://github.com/rust-lang/crates.io-index"
checksum = "960e6da069d81e09becb0ca57a65220ddff016ff2d6af6a223cf372a506593a3"

[[package]]
name = "windows_i686_gnullvm"
version = "0.53.1"
source = "registry+https://github.com/rust-lang/crates.io-index"
checksum = "fa7359d10048f68ab8b09fa71c3daccfb0e9b559aed648a8f95469c27057180c"

[[package]]
name = "windows_i686_msvc"
version = "0.53.1"
source = "registry+https://github.com/rust-lang/crates.io-index"
checksum = "1e7ac75179f18232fe9c285163565a57ef8d3c89254a30685b57d83a38d326c2"

[[package]]
name = "windows_x86_64_gnu"
version = "0.53.1"
source = "registry+https://github.com/rust-lang/crates.io-index"
checksum = "9c3842cdd74a865a8066ab39c8a7a473c0778a3f29370b5fd6b4b9aa7df4a499"

[[package]]
name = "windows_x86_64_gnullvm"
version = "0.53.1"
source = "registry+https://github.com/rust-lang/crates.io-index"
checksum = "0ffa179e2d07eee8ad8f57493436566c7cc30ac536a3379fdf008f47f6bb7ae1"

[[package]]
name = "windows_x86_64_msvc"
version = "0.53.1"
source = "registry+https://github.com/rust-lang/crates.io-index"
checksum = "d6bbff5f0aada427a1e5a6da5f1f98158182f26556f345ac9e04d36d0ebed650"
