# This file is automatically @generated by Cargo.
# It is not intended for manual editing.
version = 4

[[package]]
name = "edgelink-eve"
version = "0.3.0"

[[package]]
name = "edgelink-plugin-csvparse"
version = "1.0.0"
dependencies = [
 "edgelink-wasm-guest",
]

[[package]]
name = "edgelink-wasm-guest"
version = "0.3.0"
dependencies = [
 "edgelink-eve",
]
