# This file is automatically @generated by Cargo.
# It is not intended for manual editing.
version = 4

[[package]]
name = "n2link-eve"
version = "0.3.0"

[[package]]
name = "n2link-plugin-csvparse"
version = "1.0.0"
dependencies = [
 "n2link-wasm-guest",
]

[[package]]
name = "n2link-wasm-guest"
version = "0.3.0"
dependencies = [
 "n2link-eve",
]
